
Microsoft Visual Studio Solution File, Format Version 12.00
# Visual Studio Version 17
VisualStudioVersion = 17.5.33502.453
MinimumVisualStudioVersion = 10.0.40219.1
Project("{FAE04EC0-301F-11D3-BF4B-00C04F79EFBC}") = "BankInformation", "BankInformation\BankInformation.csproj", "{1C4FC2DD-E4CF-4271-961E-FBA65A208DAC}"
EndProject
Project("{FAE04EC0-301F-11D3-BF4B-00C04F79EFBC}") = "BankInformationTest", "BankInformationTest\BankInformationTest.csproj", "{11413C23-F762-4756-821D-ED3C404934F3}"
EndProject
Global
	GlobalSection(SolutionConfigurationPlatforms) = preSolution
		Debug|Any CPU = Debug|Any CPU
		Release|Any CPU = Release|Any CPU
	EndGlobalSection
	GlobalSection(ProjectConfigurationPlatforms) = postSolution
		{1C4FC2DD-E4CF-4271-961E-FBA65A208DAC}.Debug|Any CPU.ActiveCfg = Debug|Any CPU
		{1C4FC2DD-E4CF-4271-961E-FBA65A208DAC}.Debug|Any CPU.Build.0 = Debug|Any CPU
		{1C4FC2DD-E4CF-4271-961E-FBA65A208DAC}.Release|Any CPU.ActiveCfg = Release|Any CPU
		{1C4FC2DD-E4CF-4271-961E-FBA65A208DAC}.Release|Any CPU.Build.0 = Release|Any CPU
		{11413C23-F762-4756-821D-ED3C404934F3}.Debug|Any CPU.ActiveCfg = Debug|Any CPU
		{11413C23-F762-4756-821D-ED3C404934F3}.Debug|Any CPU.Build.0 = Debug|Any CPU
		{11413C23-F762-4756-821D-ED3C404934F3}.Release|Any CPU.ActiveCfg = Release|Any CPU
		{11413C23-F762-4756-821D-ED3C404934F3}.Release|Any CPU.Build.0 = Release|Any CPU
	EndGlobalSection
	GlobalSection(SolutionProperties) = preSolution
		HideSolutionNode = FALSE
	EndGlobalSection
	GlobalSection(ExtensibilityGlobals) = postSolution
		SolutionGuid = {E248C7C1-420A-4607-9429-62C9522E9723}
	EndGlobalSection
EndGlobal
